// !$*UTF8*$!
{
	archiveVersion = 1;
	classes = {
	};
	objectVersion = 50;
	objects = {

/* Begin PBXBuildFile section */
		74E9D4F824343E09002370CE /* AppDelegate.swift in Sources */ = {isa = PBXBuildFile; fileRef = 74E9D4F724343E09002370CE /* AppDelegate.swift */; };
		74E9D4FA24343E09002370CE /* SceneDelegate.swift in Sources */ = {isa = PBXBuildFile; fileRef = 74E9D4F924343E09002370CE /* SceneDelegate.swift */; };
		74E9D4FF24343E09002370CE /* Main.storyboard in Resources */ = {isa = PBXBuildFile; fileRef = 74E9D4FD24343E09002370CE /* Main.storyboard */; };
		74E9D50124343E0B002370CE /* Assets.xcassets in Resources */ = {isa = PBXBuildFile; fileRef = 74E9D50024343E0B002370CE /* Assets.xcassets */; };
		74E9D50424343E0B002370CE /* LaunchScreen.storyboard in Resources */ = {isa = PBXBuildFile; fileRef = 74E9D50224343E0B002370CE /* LaunchScreen.storyboard */; };
		74E9D50C24344198002370CE /* ToolBarPageViewController.swift in Sources */ = {isa = PBXBuildFile; fileRef = 74E9D50B24344198002370CE /* ToolBarPageViewController.swift */; };
		74E9D50E243447C8002370CE /* PresentPageViewController.swift in Sources */ = {isa = PBXBuildFile; fileRef = 74E9D50D243447C8002370CE /* PresentPageViewController.swift */; };
		74E9D510243447F6002370CE /* PViewController.swift in Sources */ = {isa = PBXBuildFile; fileRef = 74E9D50F243447F6002370CE /* PViewController.swift */; };
/* End PBXBuildFile section */

/* Begin PBXFileReference section */
		74E9D4F424343E09002370CE /* 0601.app */ = {isa = PBXFileReference; explicitFileType = wrapper.application; includeInIndex = 0; path = 0601.app; sourceTree = BUILT_PRODUCTS_DIR; };
		74E9D4F724343E09002370CE /* AppDelegate.swift */ = {isa = PBXFileReference; lastKnownFileType = sourcecode.swift; path = AppDelegate.swift; sourceTree = "<group>"; };
		74E9D4F924343E09002370CE /* SceneDelegate.swift */ = {isa = PBXFileReference; lastKnownFileType = sourcecode.swift; path = SceneDelegate.swift; sourceTree = "<group>"; };
		74E9D4FE24343E09002370CE /* Base */ = {isa = PBXFileReference; lastKnownFileType = file.storyboard; name = Base; path = Base.lproj/Main.storyboard; sourceTree = "<group>"; };
		74E9D50024343E0B002370CE /* Assets.xcassets */ = {isa = PBXFileReference; lastKnownFileType = folder.assetcatalog; path = Assets.xcassets; sourceTree = "<group>"; };
		74E9D50324343E0B002370CE /* Base */ = {isa = PBXFileReference; lastKnownFileType = file.storyboard; name = Base; path = Base.lproj/LaunchScreen.storyboard; sourceTree = "<group>"; };
		74E9D50524343E0B002370CE /* Info.plist */ = {isa = PBXFileReference; lastKnownFileType = text.plist.xml; path = Info.plist; sourceTree = "<group>"; };
		74E9D50B24344198002370CE /* ToolBarPageViewController.swift */ = {isa = PBXFileReference; lastKnownFileType = sourcecode.swift; path = ToolBarPageViewController.swift; sourceTree = "<group>"; };
		74E9D50D243447C8002370CE /* PresentPageViewController.swift */ = {isa = PBXFileReference; lastKnownFileType = sourcecode.swift; path = PresentPageViewController.swift; sourceTree = "<group>"; };
		74E9D50F243447F6002370CE /* PViewController.swift */ = {isa = PBXFileReference; lastKnownFileType = sourcecode.swift; path = PViewController.swift; sourceTree = "<group>"; };
/* End PBXFileReference section */

/* Begin PBXFrameworksBuildPhase section */
		74E9D4F124343E09002370CE /* Frameworks */ = {
			isa = PBXFrameworksBuildPhase;
			buildActionMask = 2147483647;
			files = (
			);
			runOnlyForDeploymentPostprocessing = 0;
		};
/* End PBXFrameworksBuildPhase section */

/* Begin PBXGroup section */
		74E9D4EB24343E09002370CE = {
			isa = PBXGroup;
			children = (
				74E9D4F624343E09002370CE /* 0601 */,
				74E9D4F524343E09002370CE /* Products */,
			);
			sourceTree = "<group>";
		};
		74E9D4F524343E09002370CE /* Products */ = {
			isa = PBXGroup;
			children = (
				74E9D4F424343E09002370CE /* 0601.app */,
			);
			name = Products;
			sourceTree = "<group>";
		};
		74E9D4F624343E09002370CE /* 0601 */ = {
			isa = PBXGroup;
			children = (
				74E9D4F724343E09002370CE /* AppDelegate.swift */,
				74E9D4F924343E09002370CE /* SceneDelegate.swift */,
				74E9D4FD24343E09002370CE /* Main.storyboard */,
				74E9D50F243447F6002370CE /* PViewController.swift */,
				74E9D50D243447C8002370CE /* PresentPageViewController.swift */,
				74E9D50B24344198002370CE /* ToolBarPageViewController.swift */,
				74E9D50024343E0B002370CE /* Assets.xcassets */,
				74E9D50224343E0B002370CE /* LaunchScreen.storyboard */,
				74E9D50524343E0B002370CE /* Info.plist */,
			);
			path = 0601;
			sourceTree = "<group>";
		};
/* End PBXGroup section */

/* Begin PBXNativeTarget section */
		74E9D4F324343E09002370CE /* 0601 */ = {
			isa = PBXNativeTarget;
			buildConfigurationList = 74E9D50824343E0B002370CE /* Build configuration list for PBXNativeTarget "0601" */;
			buildPhases = (
				74E9D4F024343E09002370CE /* Sources */,
				74E9D4F124343E09002370CE /* Frameworks */,
				74E9D4F224343E09002370CE /* Resources */,
			);
			buildRules = (
			);
			dependencies = (
			);
			name = 0601;
			productName = 0601;
			productReference = 74E9D4F424343E09002370CE /* 0601.app */;
			productType = "com.apple.product-type.application";
		};
/* End PBXNativeTarget section */

/* Begin PBXProject section */
		74E9D4EC24343E09002370CE /* Project object */ = {
			isa = PBXProject;
			attributes = {
				LastSwiftUpdateCheck = 1130;
				LastUpgradeCheck = 1130;
				ORGANIZATIONNAME = "钟仁毅";
				TargetAttributes = {
					74E9D4F324343E09002370CE = {
						CreatedOnToolsVersion = 11.3.1;
					};
				};
			};
			buildConfigurationList = 74E9D4EF24343E09002370CE /* Build configuration list for PBXProject "0601" */;
			compatibilityVersion = "Xcode 9.3";
			developmentRegion = en;
			hasScannedForEncodings = 0;
			knownRegions = (
				en,
				Base,
			);
			mainGroup = 74E9D4EB24343E09002370CE;
			productRefGroup = 74E9D4F524343E09002370CE /* Products */;
			projectDirPath = "";
			projectRoot = "";
			targets = (
				74E9D4F324343E09002370CE /* 0601 */,
			);
		};
/* End PBXProject section */

/* Begin PBXResourcesBuildPhase section */
		74E9D4F224343E09002370CE /* Resources */ = {
			isa = PBXResourcesBuildPhase;
			buildActionMask = 2147483647;
			files = (
				74E9D50424343E0B002370CE /* LaunchScreen.storyboard in Resources */,
				74E9D50124343E0B002370CE /* Assets.xcassets in Resources */,
				74E9D4FF24343E09002370CE /* Main.storyboard in Resources */,
			);
			runOnlyForDeploymentPostprocessing = 0;
		};
/* End PBXResourcesBuildPhase section */

/* Begin PBXSourcesBuildPhase section */
		74E9D4F024343E09002370CE /* Sources */ = {
			isa = PBXSourcesBuildPhase;
			buildActionMask = 2147483647;
			files = (
				74E9D50C24344198002370CE /* ToolBarPageViewController.swift in Sources */,
				74E9D4F824343E09002370CE /* AppDelegate.swift in Sources */,
				74E9D4FA24343E09002370CE /* SceneDelegate.swift in Sources */,
				74E9D50E243447C8002370CE /* PresentPageViewController.swift in Sources */,
				74E9D510243447F6002370CE /* PViewController.swift in Sources */,
			);
			runOnlyForDeploymentPostprocessing = 0;
		};
/* End PBXSourcesBuildPhase section */

/* Begin PBXVariantGroup section */
		74E9D4FD24343E09002370CE /* Main.storyboard */ = {
			isa = PBXVariantGroup;
			children = (
				74E9D4FE24343E09002370CE /* Base */,
			);
			name = Main.storyboard;
			sourceTree = "<group>";
		};
		74E9D50224343E0B002370CE /* LaunchScreen.storyboard */ = {
			isa = PBXVariantGroup;
			children = (
				74E9D50324343E0B002370CE /* Base */,
			);
			name = LaunchScreen.storyboard;
			sourceTree = "<group>";
		};
/* End PBXVariantGroup section */

/* Begin XCBuildConfiguration section */
		74E9D50624343E0B002370CE /* Debug */ = {
			isa = XCBuildConfiguration;
			buildSettings = {
				ALWAYS_SEARCH_USER_PATHS = NO;
				CLANG_ANALYZER_NONNULL = YES;
				CLANG_ANALYZER_NUMBER_OBJECT_CONVERSION = YES_AGGRESSIVE;
				CLANG_CXX_LANGUAGE_STANDARD = "gnu++14";
				CLANG_CXX_LIBRARY = "libc++";
				CLANG_ENABLE_MODULES = YES;
				CLANG_ENABLE_OBJC_ARC = YES;
				CLANG_ENABLE_OBJC_WEAK = YES;
				CLANG_WARN_BLOCK_CAPTURE_AUTORELEASING = YES;
				CLANG_WARN_BOOL_CONVERSION = YES;
				CLANG_WARN_COMMA = YES;
				CLANG_WARN_CONSTANT_CONVERSION = YES;
				CLANG_WARN_DEPRECATED_OBJC_IMPLEMENTATIONS = YES;
				CLANG_WARN_DIRECT_OBJC_ISA_USAGE = YES_ERROR;
				CLANG_WARN_DOCUMENTATION_COMMENTS = YES;
				CLANG_WARN_EMPTY_BODY = YES;
				CLANG_WARN_ENUM_CONVERSION = YES;
				CLANG_WARN_INFINITE_RECURSION = YES;
				CLANG_WARN_INT_CONVERSION = YES;
				CLANG_WARN_NON_LITERAL_NULL_CONVERSION = YES;
				CLANG_WARN_OBJC_IMPLICIT_RETAIN_SELF = YES;
				CLANG_WARN_OBJC_LITERAL_CONVERSION = YES;
				CLANG_WARN_OBJC_ROOT_CLASS = YES_ERROR;
				CLANG_WARN_RANGE_LOOP_ANALYSIS = YES;
				CLANG_WARN_STRICT_PROTOTYPES = YES;
				CLANG_WARN_SUSPICIOUS_MOVE = YES;
				CLANG_WARN_UNGUARDED_AVAILABILITY = YES_AGGRESSIVE;
				CLANG_WARN_UNREACHABLE_CODE = YES;
				CLANG_WARN__DUPLICATE_METHOD_MATCH = YES;
				COPY_PHASE_STRIP = NO;
				DEBUG_INFORMATION_FORMAT = dwarf;
				ENABLE_STRICT_OBJC_MSGSEND = YES;
				ENABLE_TESTABILITY = YES;
				GCC_C_LANGUAGE_STANDARD = gnu11;
				GCC_DYNAMIC_NO_PIC = NO;
				GCC_NO_COMMON_BLOCKS = YES;
				GCC_OPTIMIZATION_LEVEL = 0;
				GCC_PREPROCESSOR_DEFINITIONS = (
					"DEBUG=1",
					"$(inherited)",
				);
				GCC_WARN_64_TO_32_BIT_CONVERSION = YES;
				GCC_WARN_ABOUT_RETURN_TYPE = YES_ERROR;
				GCC_WARN_UNDECLARED_SELECTOR = YES;
				GCC_WARN_UNINITIALIZED_AUTOS = YES_AGGRESSIVE;
				GCC_WARN_UNUSED_FUNCTION = YES;
				GCC_WARN_UNUSED_VARIABLE = YES;
				IPHONEOS_DEPLOYMENT_TARGET = 13.2;
				MTL_ENABLE_DEBUG_INFO = INCLUDE_SOURCE;
				MTL_FAST_MATH = YES;
				ONLY_ACTIVE_ARCH = YES;
				SDKROOT = iphoneos;
				SWIFT_ACTIVE_COMPILATION_CONDITIONS = DEBUG;
				SWIFT_OPTIMIZATION_LEVEL = "-Onone";
			};
			name = Debug;
		};
		74E9D50724343E0B002370CE /* Release */ = {
			isa = XCBuildConfiguration;
			buildSettings = {
				ALWAYS_SEARCH_USER_PATHS = NO;
				CLANG_ANALYZER_NONNULL = YES;
				CLANG_ANALYZER_NUMBER_OBJECT_CONVERSION = YES_AGGRESSIVE;
				CLANG_CXX_LANGUAGE_STANDARD = "gnu++14";
				CLANG_CXX_LIBRARY = "libc++";
				CLANG_ENABLE_MODULES = YES;
				CLANG_ENABLE_OBJC_ARC = YES;
				CLANG_ENABLE_OBJC_WEAK = YES;
				CLANG_WARN_BLOCK_CAPTURE_AUTORELEASING = YES;
				CLANG_WARN_BOOL_CONVERSION = YES;
				CLANG_WARN_COMMA = YES;
				CLANG_WARN_CONSTANT_CONVERSION = YES;
				CLANG_WARN_DEPRECATED_OBJC_IMPLEMENTATIONS = YES;
				CLANG_WARN_DIRECT_OBJC_ISA_USAGE = YES_ERROR;
				CLANG_WARN_DOCUMENTATION_COMMENTS = YES;
				CLANG_WARN_EMPTY_BODY = YES;
				CLANG_WARN_ENUM_CONVERSION = YES;
				CLANG_WARN_INFINITE_RECURSION = YES;
				CLANG_WARN_INT_CONVERSION = YES;
				CLANG_WARN_NON_LITERAL_NULL_CONVERSION = YES;
				CLANG_WARN_OBJC_IMPLICIT_RETAIN_SELF = YES;
				CLANG_WARN_OBJC_LITERAL_CONVERSION = YES;
				CLANG_WARN_OBJC_ROOT_CLASS = YES_ERROR;
				CLANG_WARN_RANGE_LOOP_ANALYSIS = YES;
				CLANG_WARN_STRICT_PROTOTYPES = YES;
				CLANG_WARN_SUSPICIOUS_MOVE = YES;
				CLANG_WARN_UNGUARDED_AVAILABILITY = YES_AGGRESSIVE;
				CLANG_WARN_UNREACHABLE_CODE = YES;
				CLANG_WARN__DUPLICATE_METHOD_MATCH = YES;
				COPY_PHASE_STRIP = NO;
				DEBUG_INFORMATION_FORMAT = "dwarf-with-dsym";
				ENABLE_NS_ASSERTIONS = NO;
				ENABLE_STRICT_OBJC_MSGSEND = YES;
				GCC_C_LANGUAGE_STANDARD = gnu11;
				GCC_NO_COMMON_BLOCKS = YES;
				GCC_WARN_64_TO_32_BIT_CONVERSION = YES;
				GCC_WARN_ABOUT_RETURN_TYPE = YES_ERROR;
				GCC_WARN_UNDECLARED_SELECTOR = YES;
				GCC_WARN_UNINITIALIZED_AUTOS = YES_AGGRESSIVE;
				GCC_WARN_UNUSED_FUNCTION = YES;
				GCC_WARN_UNUSED_VARIABLE = YES;
				IPHONEOS_DEPLOYMENT_TARGET = 13.2;
				MTL_ENABLE_DEBUG_INFO = NO;
				MTL_FAST_MATH = YES;
				SDKROOT = iphoneos;
				SWIFT_COMPILATION_MODE = wholemodule;
				SWIFT_OPTIMIZATION_LEVEL = "-O";
				VALIDATE_PRODUCT = YES;
			};
			name = Release;
		};
		74E9D50924343E0B002370CE /* Debug */ = {
			isa = XCBuildConfiguration;
			buildSettings = {
				ASSETCATALOG_COMPILER_APPICON_NAME = AppIcon;
				CODE_SIGN_STYLE = Automatic;
				INFOPLIST_FILE = 0601/Info.plist;
				LD_RUNPATH_SEARCH_PATHS = (
					"$(inherited)",
					"@executable_path/Frameworks",
				);
				PRODUCT_BUNDLE_IDENTIFIER = "xiyezry.-601";
				PRODUCT_NAME = "$(TARGET_NAME)";
				SWIFT_VERSION = 5.0;
				TARGETED_DEVICE_FAMILY = "1,2";
			};
			name = Debug;
		};
		74E9D50A24343E0B002370CE /* Release */ = {
			isa = XCBuildConfiguration;
			buildSettings = {
				ASSETCATALOG_COMPILER_APPICON_NAME = AppIcon;
				CODE_SIGN_STYLE = Automatic;
				INFOPLIST_FILE = 0601/Info.plist;
				LD_RUNPATH_SEARCH_PATHS = (
					"$(inherited)",
					"@executable_path/Frameworks",
				);
				PRODUCT_BUNDLE_IDENTIFIER = "xiyezry.-601";
				PRODUCT_NAME = "$(TARGET_NAME)";
				SWIFT_VERSION = 5.0;
				TARGETED_DEVICE_FAMILY = "1,2";
			};
			name = Release;
		};
/* End XCBuildConfiguration section */

/* Begin XCConfigurationList section */
		74E9D4EF24343E09002370CE /* Build configuration list for PBXProject "0601" */ = {
			isa = XCConfigurationList;
			buildConfigurations = (
				74E9D50624343E0B002370CE /* Debug */,
				74E9D50724343E0B002370CE /* Release */,
			);
			defaultConfigurationIsVisible = 0;
			defaultConfigurationName = Release;
		};
		74E9D50824343E0B002370CE /* Build configuration list for PBXNativeTarget "0601" */ = {
			isa = XCConfigurationList;
			buildConfigurations = (
				74E9D50924343E0B002370CE /* Debug */,
				74E9D50A24343E0B002370CE /* Release */,
			);
			defaultConfigurationIsVisible = 0;
			defaultConfigurationName = Release;
		};
/* End XCConfigurationList section */
	};
	rootObject = 74E9D4EC24343E09002370CE /* Project object */;
}
