// !$*UTF8*$!
{
	archiveVersion = 1;
	classes = {
	};
	objectVersion = 50;
	objects = {

/* Begin PBXBuildFile section */
		7428264C24625E0000AC2184 /* libsqlite3.tbd in Frameworks */ = {isa = PBXBuildFile; fileRef = 74BB107A246250CA00380F4E /* libsqlite3.tbd */; };
		74BB10632462505800380F4E /* AppDelegate.swift in Sources */ = {isa = PBXBuildFile; fileRef = 74BB10622462505800380F4E /* AppDelegate.swift */; };
		74BB10652462505800380F4E /* SceneDelegate.swift in Sources */ = {isa = PBXBuildFile; fileRef = 74BB10642462505800380F4E /* SceneDelegate.swift */; };
		74BB10672462505800380F4E /* ViewController.swift in Sources */ = {isa = PBXBuildFile; fileRef = 74BB10662462505800380F4E /* ViewController.swift */; };
		74BB106A2462505800380F4E /* Main.storyboard in Resources */ = {isa = PBXBuildFile; fileRef = 74BB10682462505800380F4E /* Main.storyboard */; };
		74BB106C2462505E00380F4E /* Assets.xcassets in Resources */ = {isa = PBXBuildFile; fileRef = 74BB106B2462505E00380F4E /* Assets.xcassets */; };
		74BB106F2462505E00380F4E /* LaunchScreen.storyboard in Resources */ = {isa = PBXBuildFile; fileRef = 74BB106D2462505E00380F4E /* LaunchScreen.storyboard */; };
		74BB107F246254A200380F4E /* ImageDAL.swift in Sources */ = {isa = PBXBuildFile; fileRef = 74BB107E246254A200380F4E /* ImageDAL.swift */; };
		74BB108124625A4F00380F4E /* UIImageViewExtension.swift in Sources */ = {isa = PBXBuildFile; fileRef = 74BB108024625A4F00380F4E /* UIImageViewExtension.swift */; };
		74BB108324625D3400380F4E /* SQLiteManager.swift in Sources */ = {isa = PBXBuildFile; fileRef = 74BB108224625D3400380F4E /* SQLiteManager.swift */; };
/* End PBXBuildFile section */

/* Begin PBXFileReference section */
		7428267924625FDB00AC2184 /* P1102-Bridging-Header.h */ = {isa = PBXFileReference; fileEncoding = 4; lastKnownFileType = sourcecode.c.h; path = "P1102-Bridging-Header.h"; sourceTree = "<group>"; };
		74BB105F2462505800380F4E /* P1102.app */ = {isa = PBXFileReference; explicitFileType = wrapper.application; includeInIndex = 0; path = P1102.app; sourceTree = BUILT_PRODUCTS_DIR; };
		74BB10622462505800380F4E /* AppDelegate.swift */ = {isa = PBXFileReference; lastKnownFileType = sourcecode.swift; path = AppDelegate.swift; sourceTree = "<group>"; };
		74BB10642462505800380F4E /* SceneDelegate.swift */ = {isa = PBXFileReference; lastKnownFileType = sourcecode.swift; path = SceneDelegate.swift; sourceTree = "<group>"; };
		74BB10662462505800380F4E /* ViewController.swift */ = {isa = PBXFileReference; lastKnownFileType = sourcecode.swift; path = ViewController.swift; sourceTree = "<group>"; };
		74BB10692462505800380F4E /* Base */ = {isa = PBXFileReference; lastKnownFileType = file.storyboard; name = Base; path = Base.lproj/Main.storyboard; sourceTree = "<group>"; };
		74BB106B2462505E00380F4E /* Assets.xcassets */ = {isa = PBXFileReference; lastKnownFileType = folder.assetcatalog; path = Assets.xcassets; sourceTree = "<group>"; };
		74BB106E2462505E00380F4E /* Base */ = {isa = PBXFileReference; lastKnownFileType = file.storyboard; name = Base; path = Base.lproj/LaunchScreen.storyboard; sourceTree = "<group>"; };
		74BB10702462505E00380F4E /* Info.plist */ = {isa = PBXFileReference; lastKnownFileType = text.plist.xml; path = Info.plist; sourceTree = "<group>"; };
		74BB107A246250CA00380F4E /* libsqlite3.tbd */ = {isa = PBXFileReference; lastKnownFileType = "sourcecode.text-based-dylib-definition"; name = libsqlite3.tbd; path = usr/lib/libsqlite3.tbd; sourceTree = SDKROOT; };
		74BB107E246254A200380F4E /* ImageDAL.swift */ = {isa = PBXFileReference; lastKnownFileType = sourcecode.swift; path = ImageDAL.swift; sourceTree = "<group>"; };
		74BB108024625A4F00380F4E /* UIImageViewExtension.swift */ = {isa = PBXFileReference; lastKnownFileType = sourcecode.swift; path = UIImageViewExtension.swift; sourceTree = "<group>"; };
		74BB108224625D3400380F4E /* SQLiteManager.swift */ = {isa = PBXFileReference; lastKnownFileType = sourcecode.swift; path = SQLiteManager.swift; sourceTree = "<group>"; };
/* End PBXFileReference section */

/* Begin PBXFrameworksBuildPhase section */
		74BB105C2462505800380F4E /* Frameworks */ = {
			isa = PBXFrameworksBuildPhase;
			buildActionMask = 2147483647;
			files = (
				7428264C24625E0000AC2184 /* libsqlite3.tbd in Frameworks */,
			);
			runOnlyForDeploymentPostprocessing = 0;
		};
/* End PBXFrameworksBuildPhase section */

/* Begin PBXGroup section */
		74BB10562462505800380F4E = {
			isa = PBXGroup;
			children = (
				74BB10612462505800380F4E /* P1102 */,
				74BB10602462505800380F4E /* Products */,
				74BB1079246250C900380F4E /* Frameworks */,
			);
			sourceTree = "<group>";
		};
		74BB10602462505800380F4E /* Products */ = {
			isa = PBXGroup;
			children = (
				74BB105F2462505800380F4E /* P1102.app */,
			);
			name = Products;
			sourceTree = "<group>";
		};
		74BB10612462505800380F4E /* P1102 */ = {
			isa = PBXGroup;
			children = (
				7428267924625FDB00AC2184 /* P1102-Bridging-Header.h */,
				74BB108224625D3400380F4E /* SQLiteManager.swift */,
				74BB107E246254A200380F4E /* ImageDAL.swift */,
				74BB10622462505800380F4E /* AppDelegate.swift */,
				74BB10642462505800380F4E /* SceneDelegate.swift */,
				74BB10662462505800380F4E /* ViewController.swift */,
				74BB10682462505800380F4E /* Main.storyboard */,
				74BB108024625A4F00380F4E /* UIImageViewExtension.swift */,
				74BB106B2462505E00380F4E /* Assets.xcassets */,
				74BB106D2462505E00380F4E /* LaunchScreen.storyboard */,
				74BB10702462505E00380F4E /* Info.plist */,
			);
			path = P1102;
			sourceTree = "<group>";
		};
		74BB1079246250C900380F4E /* Frameworks */ = {
			isa = PBXGroup;
			children = (
				74BB107A246250CA00380F4E /* libsqlite3.tbd */,
			);
			name = Frameworks;
			sourceTree = "<group>";
		};
/* End PBXGroup section */

/* Begin PBXNativeTarget section */
		74BB105E2462505800380F4E /* P1102 */ = {
			isa = PBXNativeTarget;
			buildConfigurationList = 74BB10732462505E00380F4E /* Build configuration list for PBXNativeTarget "P1102" */;
			buildPhases = (
				74BB105B2462505800380F4E /* Sources */,
				74BB105C2462505800380F4E /* Frameworks */,
				74BB105D2462505800380F4E /* Resources */,
			);
			buildRules = (
			);
			dependencies = (
			);
			name = P1102;
			productName = P1102;
			productReference = 74BB105F2462505800380F4E /* P1102.app */;
			productType = "com.apple.product-type.application";
		};
/* End PBXNativeTarget section */

/* Begin PBXProject section */
		74BB10572462505800380F4E /* Project object */ = {
			isa = PBXProject;
			attributes = {
				LastSwiftUpdateCheck = 1130;
				LastUpgradeCheck = 1130;
				ORGANIZATIONNAME = "钟仁毅";
				TargetAttributes = {
					74BB105E2462505800380F4E = {
						CreatedOnToolsVersion = 11.3.1;
						LastSwiftMigration = 1130;
					};
				};
			};
			buildConfigurationList = 74BB105A2462505800380F4E /* Build configuration list for PBXProject "P1102" */;
			compatibilityVersion = "Xcode 9.3";
			developmentRegion = en;
			hasScannedForEncodings = 0;
			knownRegions = (
				en,
				Base,
			);
			mainGroup = 74BB10562462505800380F4E;
			productRefGroup = 74BB10602462505800380F4E /* Products */;
			projectDirPath = "";
			projectRoot = "";
			targets = (
				74BB105E2462505800380F4E /* P1102 */,
			);
		};
/* End PBXProject section */

/* Begin PBXResourcesBuildPhase section */
		74BB105D2462505800380F4E /* Resources */ = {
			isa = PBXResourcesBuildPhase;
			buildActionMask = 2147483647;
			files = (
				74BB106F2462505E00380F4E /* LaunchScreen.storyboard in Resources */,
				74BB106C2462505E00380F4E /* Assets.xcassets in Resources */,
				74BB106A2462505800380F4E /* Main.storyboard in Resources */,
			);
			runOnlyForDeploymentPostprocessing = 0;
		};
/* End PBXResourcesBuildPhase section */

/* Begin PBXSourcesBuildPhase section */
		74BB105B2462505800380F4E /* Sources */ = {
			isa = PBXSourcesBuildPhase;
			buildActionMask = 2147483647;
			files = (
				74BB10672462505800380F4E /* ViewController.swift in Sources */,
				74BB10632462505800380F4E /* AppDelegate.swift in Sources */,
				74BB108124625A4F00380F4E /* UIImageViewExtension.swift in Sources */,
				74BB108324625D3400380F4E /* SQLiteManager.swift in Sources */,
				74BB10652462505800380F4E /* SceneDelegate.swift in Sources */,
				74BB107F246254A200380F4E /* ImageDAL.swift in Sources */,
			);
			runOnlyForDeploymentPostprocessing = 0;
		};
/* End PBXSourcesBuildPhase section */

/* Begin PBXVariantGroup section */
		74BB10682462505800380F4E /* Main.storyboard */ = {
			isa = PBXVariantGroup;
			children = (
				74BB10692462505800380F4E /* Base */,
			);
			name = Main.storyboard;
			sourceTree = "<group>";
		};
		74BB106D2462505E00380F4E /* LaunchScreen.storyboard */ = {
			isa = PBXVariantGroup;
			children = (
				74BB106E2462505E00380F4E /* Base */,
			);
			name = LaunchScreen.storyboard;
			sourceTree = "<group>";
		};
/* End PBXVariantGroup section */

/* Begin XCBuildConfiguration section */
		74BB10712462505E00380F4E /* Debug */ = {
			isa = XCBuildConfiguration;
			buildSettings = {
				ALWAYS_SEARCH_USER_PATHS = NO;
				CLANG_ANALYZER_NONNULL = YES;
				CLANG_ANALYZER_NUMBER_OBJECT_CONVERSION = YES_AGGRESSIVE;
				CLANG_CXX_LANGUAGE_STANDARD = "gnu++14";
				CLANG_CXX_LIBRARY = "libc++";
				CLANG_ENABLE_MODULES = YES;
				CLANG_ENABLE_OBJC_ARC = YES;
				CLANG_ENABLE_OBJC_WEAK = YES;
				CLANG_WARN_BLOCK_CAPTURE_AUTORELEASING = YES;
				CLANG_WARN_BOOL_CONVERSION = YES;
				CLANG_WARN_COMMA = YES;
				CLANG_WARN_CONSTANT_CONVERSION = YES;
				CLANG_WARN_DEPRECATED_OBJC_IMPLEMENTATIONS = YES;
				CLANG_WARN_DIRECT_OBJC_ISA_USAGE = YES_ERROR;
				CLANG_WARN_DOCUMENTATION_COMMENTS = YES;
				CLANG_WARN_EMPTY_BODY = YES;
				CLANG_WARN_ENUM_CONVERSION = YES;
				CLANG_WARN_INFINITE_RECURSION = YES;
				CLANG_WARN_INT_CONVERSION = YES;
				CLANG_WARN_NON_LITERAL_NULL_CONVERSION = YES;
				CLANG_WARN_OBJC_IMPLICIT_RETAIN_SELF = YES;
				CLANG_WARN_OBJC_LITERAL_CONVERSION = YES;
				CLANG_WARN_OBJC_ROOT_CLASS = YES_ERROR;
				CLANG_WARN_RANGE_LOOP_ANALYSIS = YES;
				CLANG_WARN_STRICT_PROTOTYPES = YES;
				CLANG_WARN_SUSPICIOUS_MOVE = YES;
				CLANG_WARN_UNGUARDED_AVAILABILITY = YES_AGGRESSIVE;
				CLANG_WARN_UNREACHABLE_CODE = YES;
				CLANG_WARN__DUPLICATE_METHOD_MATCH = YES;
				COPY_PHASE_STRIP = NO;
				DEBUG_INFORMATION_FORMAT = dwarf;
				ENABLE_STRICT_OBJC_MSGSEND = YES;
				ENABLE_TESTABILITY = YES;
				GCC_C_LANGUAGE_STANDARD = gnu11;
				GCC_DYNAMIC_NO_PIC = NO;
				GCC_NO_COMMON_BLOCKS = YES;
				GCC_OPTIMIZATION_LEVEL = 0;
				GCC_PREPROCESSOR_DEFINITIONS = (
					"DEBUG=1",
					"$(inherited)",
				);
				GCC_WARN_64_TO_32_BIT_CONVERSION = YES;
				GCC_WARN_ABOUT_RETURN_TYPE = YES_ERROR;
				GCC_WARN_UNDECLARED_SELECTOR = YES;
				GCC_WARN_UNINITIALIZED_AUTOS = YES_AGGRESSIVE;
				GCC_WARN_UNUSED_FUNCTION = YES;
				GCC_WARN_UNUSED_VARIABLE = YES;
				IPHONEOS_DEPLOYMENT_TARGET = 13.2;
				MTL_ENABLE_DEBUG_INFO = INCLUDE_SOURCE;
				MTL_FAST_MATH = YES;
				ONLY_ACTIVE_ARCH = YES;
				SDKROOT = iphoneos;
				SWIFT_ACTIVE_COMPILATION_CONDITIONS = DEBUG;
				SWIFT_OPTIMIZATION_LEVEL = "-Onone";
			};
			name = Debug;
		};
		74BB10722462505E00380F4E /* Release */ = {
			isa = XCBuildConfiguration;
			buildSettings = {
				ALWAYS_SEARCH_USER_PATHS = NO;
				CLANG_ANALYZER_NONNULL = YES;
				CLANG_ANALYZER_NUMBER_OBJECT_CONVERSION = YES_AGGRESSIVE;
				CLANG_CXX_LANGUAGE_STANDARD = "gnu++14";
				CLANG_CXX_LIBRARY = "libc++";
				CLANG_ENABLE_MODULES = YES;
				CLANG_ENABLE_OBJC_ARC = YES;
				CLANG_ENABLE_OBJC_WEAK = YES;
				CLANG_WARN_BLOCK_CAPTURE_AUTORELEASING = YES;
				CLANG_WARN_BOOL_CONVERSION = YES;
				CLANG_WARN_COMMA = YES;
				CLANG_WARN_CONSTANT_CONVERSION = YES;
				CLANG_WARN_DEPRECATED_OBJC_IMPLEMENTATIONS = YES;
				CLANG_WARN_DIRECT_OBJC_ISA_USAGE = YES_ERROR;
				CLANG_WARN_DOCUMENTATION_COMMENTS = YES;
				CLANG_WARN_EMPTY_BODY = YES;
				CLANG_WARN_ENUM_CONVERSION = YES;
				CLANG_WARN_INFINITE_RECURSION = YES;
				CLANG_WARN_INT_CONVERSION = YES;
				CLANG_WARN_NON_LITERAL_NULL_CONVERSION = YES;
				CLANG_WARN_OBJC_IMPLICIT_RETAIN_SELF = YES;
				CLANG_WARN_OBJC_LITERAL_CONVERSION = YES;
				CLANG_WARN_OBJC_ROOT_CLASS = YES_ERROR;
				CLANG_WARN_RANGE_LOOP_ANALYSIS = YES;
				CLANG_WARN_STRICT_PROTOTYPES = YES;
				CLANG_WARN_SUSPICIOUS_MOVE = YES;
				CLANG_WARN_UNGUARDED_AVAILABILITY = YES_AGGRESSIVE;
				CLANG_WARN_UNREACHABLE_CODE = YES;
				CLANG_WARN__DUPLICATE_METHOD_MATCH = YES;
				COPY_PHASE_STRIP = NO;
				DEBUG_INFORMATION_FORMAT = "dwarf-with-dsym";
				ENABLE_NS_ASSERTIONS = NO;
				ENABLE_STRICT_OBJC_MSGSEND = YES;
				GCC_C_LANGUAGE_STANDARD = gnu11;
				GCC_NO_COMMON_BLOCKS = YES;
				GCC_WARN_64_TO_32_BIT_CONVERSION = YES;
				GCC_WARN_ABOUT_RETURN_TYPE = YES_ERROR;
				GCC_WARN_UNDECLARED_SELECTOR = YES;
				GCC_WARN_UNINITIALIZED_AUTOS = YES_AGGRESSIVE;
				GCC_WARN_UNUSED_FUNCTION = YES;
				GCC_WARN_UNUSED_VARIABLE = YES;
				IPHONEOS_DEPLOYMENT_TARGET = 13.2;
				MTL_ENABLE_DEBUG_INFO = NO;
				MTL_FAST_MATH = YES;
				SDKROOT = iphoneos;
				SWIFT_COMPILATION_MODE = wholemodule;
				SWIFT_OPTIMIZATION_LEVEL = "-O";
				VALIDATE_PRODUCT = YES;
			};
			name = Release;
		};
		74BB10742462505E00380F4E /* Debug */ = {
			isa = XCBuildConfiguration;
			buildSettings = {
				ASSETCATALOG_COMPILER_APPICON_NAME = AppIcon;
				CLANG_ENABLE_MODULES = YES;
				CODE_SIGN_STYLE = Automatic;
				INFOPLIST_FILE = P1102/Info.plist;
				LD_RUNPATH_SEARCH_PATHS = (
					"$(inherited)",
					"@executable_path/Frameworks",
				);
				PRODUCT_BUNDLE_IDENTIFIER = xiyezry.P1102;
				PRODUCT_NAME = "$(TARGET_NAME)";
				SWIFT_OBJC_BRIDGING_HEADER = "P1102/P1102-Bridging-Header.h";
				SWIFT_OPTIMIZATION_LEVEL = "-Onone";
				SWIFT_VERSION = 5.0;
				TARGETED_DEVICE_FAMILY = "1,2";
			};
			name = Debug;
		};
		74BB10752462505E00380F4E /* Release */ = {
			isa = XCBuildConfiguration;
			buildSettings = {
				ASSETCATALOG_COMPILER_APPICON_NAME = AppIcon;
				CLANG_ENABLE_MODULES = YES;
				CODE_SIGN_STYLE = Automatic;
				INFOPLIST_FILE = P1102/Info.plist;
				LD_RUNPATH_SEARCH_PATHS = (
					"$(inherited)",
					"@executable_path/Frameworks",
				);
				PRODUCT_BUNDLE_IDENTIFIER = xiyezry.P1102;
				PRODUCT_NAME = "$(TARGET_NAME)";
				SWIFT_OBJC_BRIDGING_HEADER = "P1102/P1102-Bridging-Header.h";
				SWIFT_VERSION = 5.0;
				TARGETED_DEVICE_FAMILY = "1,2";
			};
			name = Release;
		};
/* End XCBuildConfiguration section */

/* Begin XCConfigurationList section */
		74BB105A2462505800380F4E /* Build configuration list for PBXProject "P1102" */ = {
			isa = XCConfigurationList;
			buildConfigurations = (
				74BB10712462505E00380F4E /* Debug */,
				74BB10722462505E00380F4E /* Release */,
			);
			defaultConfigurationIsVisible = 0;
			defaultConfigurationName = Release;
		};
		74BB10732462505E00380F4E /* Build configuration list for PBXNativeTarget "P1102" */ = {
			isa = XCConfigurationList;
			buildConfigurations = (
				74BB10742462505E00380F4E /* Debug */,
				74BB10752462505E00380F4E /* Release */,
			);
			defaultConfigurationIsVisible = 0;
			defaultConfigurationName = Release;
		};
/* End XCConfigurationList section */
	};
	rootObject = 74BB10572462505800380F4E /* Project object */;
}
